PODS:
  - CocoaAsyncSocket (7.6.3)
  - ConnectionKit (2.5):
    - CocoaAsyncSocket
    - ContentKit
    - RepresentationKit
  - ContentKit (2.4):
    - RepresentationKit
  - Ents (3.1.6)
  - RepresentationKit (2.3.1)

DEPENDENCIES:
  - CocoaAsyncSocket (from `https://github.com/averello/CocoaAsyncSocket.git`)
  - ConnectionKit (from `../`)
  - ContentKit (from `https://github.com/averello/ContentKit.git`)
  - Ents (from `https://github.com/averello/Ents.git`)
  - RepresentationKit (from `https://github.com/averello/RepresentationKit.git`)

EXTERNAL SOURCES:
  CocoaAsyncSocket:
    :git: https://github.com/averello/CocoaAsyncSocket.git
  ConnectionKit:
    :path: "../"
  ContentKit:
    :git: https://github.com/averello/ContentKit.git
  Ents:
    :git: https://github.com/averello/Ents.git
  RepresentationKit:
    :git: https://github.com/averello/RepresentationKit.git

CHECKOUT OPTIONS:
  CocoaAsyncSocket:
    :commit: 5a0f3244814de52bf3337f3425d52c569d082f1b
    :git: https://github.com/averello/CocoaAsyncSocket.git
  ContentKit:
    :commit: 9ca870c17b67472aff68a1958920cc1a5042e7a7
    :git: https://github.com/averello/ContentKit.git
  Ents:
    :commit: d193c51a119e5a080558bb978064c09aed6e7739
    :git: https://github.com/averello/Ents.git
  RepresentationKit:
    :commit: baaf595efcf402d212d0f121d661ec4559614b50
    :git: https://github.com/averello/RepresentationKit.git

SPEC CHECKSUMS:
  CocoaAsyncSocket: eafaa68a7e0ec99ead0a7b35015e0bf25d2c8987
  ConnectionKit: f06c148447e9b4b63fa80f9af5e1947edee746c3
  ContentKit: bed41e69c3762d4d6ff271a9d8a06963d6b4fb96
  Ents: 97ead87efccfcbde57ae1d818ec8b85366cd2363
  RepresentationKit: 14798022f1519aefdfa56a2367e116e12133088d

PODFILE CHECKSUM: b223b8e2a9b6831807cd9b7e134044f226a061dd

COCOAPODS: 1.5.3
