PODS:
  - CocoaAsyncSocket (7.6.3)
  - ConnectionKit (2.2):
    - CocoaAsyncSocket
    - ContentKit
    - RepresentationKit
  - ContentKit (2.3):
    - RepresentationKit
  - Ents (3.1.1)
  - RepresentationKit (2.2)

DEPENDENCIES:
  - CocoaAsyncSocket (from `https://github.com/averello/CocoaAsyncSocket.git`)
  - ConnectionKit (from `../`)
  - ContentKit (from `https://github.com/averello/ContentKit.git`)
  - Ents (from `https://github.com/averello/Ents.git`)
  - RepresentationKit (from `https://github.com/averello/RepresentationKit.git`)

EXTERNAL SOURCES:
  CocoaAsyncSocket:
    :git: https://github.com/averello/CocoaAsyncSocket.git
  ConnectionKit:
    :path: "../"
  ContentKit:
    :git: https://github.com/averello/ContentKit.git
  Ents:
    :git: https://github.com/averello/Ents.git
  RepresentationKit:
    :git: https://github.com/averello/RepresentationKit.git

CHECKOUT OPTIONS:
  CocoaAsyncSocket:
    :commit: 5a0f3244814de52bf3337f3425d52c569d082f1b
    :git: https://github.com/averello/CocoaAsyncSocket.git
  ContentKit:
    :commit: def45349a03d039d51db5a71c3ca768bf6ec1d25
    :git: https://github.com/averello/ContentKit.git
  Ents:
    :commit: 2d6d8a352bc35be340a56929da21e4ed9cfe4ce6
    :git: https://github.com/averello/Ents.git
  RepresentationKit:
    :commit: 87c8045f94bbb9aaba43de8273ddee966229190a
    :git: https://github.com/averello/RepresentationKit.git

SPEC CHECKSUMS:
  CocoaAsyncSocket: eafaa68a7e0ec99ead0a7b35015e0bf25d2c8987
  ConnectionKit: 2557f126071267c541ea6ccf4aca915f388cf01f
  ContentKit: 46f66173851d13e8242dc84337a9fd7ec62ed54d
  Ents: 8c03f9a801f0677cd6b2f2e00e9ad03e0a195d84
  RepresentationKit: f1cbe81fe33fe738a2a3d8a1f752359cbb57172c

PODFILE CHECKSUM: b223b8e2a9b6831807cd9b7e134044f226a061dd

COCOAPODS: 1.5.3
